// !$*UTF8*$!
{
	archiveVersion = 1;
	classes = {
	};
	objectVersion = 77;
	objects = {

/* Begin PBXContainerItemProxy section */
		5A63BA4E2F05077B003C6494 /* PBXContainerItemProxy */ = {
			isa = PBXContainerItemProxy;
			containerPortal = 5A63BA342F050779003C6494 /* Project object */;
			proxyType = 1;
			remoteGlobalIDString = 5A63BA3B2F050779003C6494;
			remoteInfo = Suilog;
		};
		5A63BA582F05077B003C6494 /* PBXContainerItemProxy */ = {
			isa = PBXContainerItemProxy;
			containerPortal = 5A63BA342F050779003C6494 /* Project object */;
			proxyType = 1;
			remoteGlobalIDString = 5A63BA3B2F050779003C6494;
			remoteInfo = Suilog;
		};
/* End PBXContainerItemProxy section */

/* Begin PBXFileReference section */
		5A63BA3C2F050779003C6494 /* Suilog.app */ = {isa = PBXFileReference; explicitFileType = wrapper.application; includeInIndex = 0; path = Suilog.app; sourceTree = BUILT_PRODUCTS_DIR; };
		5A63BA4D2F05077B003C6494 /* SuilogTests.xctest */ = {isa = PBXFileReference; explicitFileType = wrapper.cfbundle; includeInIndex = 0; path = SuilogTests.xctest; sourceTree = BUILT_PRODUCTS_DIR; };
		5A63BA572F05077B003C6494 /* SuilogUITests.xctest */ = {isa = PBXFileReference; explicitFileType = wrapper.cfbundle; includeInIndex = 0; path = SuilogUITests.xctest; sourceTree = BUILT_PRODUCTS_DIR; };
/* End PBXFileReference section */

/* Begin PBXFileSystemSynchronizedBuildFileExceptionSet section */
		5A63BA5F2F05077B003C6494 /* Exceptions for "Suilog" folder in "Suilog" target */ = {
			isa = PBXFileSystemSynchronizedBuildFileExceptionSet;
			membershipExceptions = (
				Info.plist,
			);
			target = 5A63BA3B2F050779003C6494 /* Suilog */;
		};
/* End PBXFileSystemSynchronizedBuildFileExceptionSet section */

/* Begin PBXFileSystemSynchronizedRootGroup section */
		5A63BA3E2F050779003C6494 /* Suilog */ = {
			isa = PBXFileSystemSynchronizedRootGroup;
			exceptions = (
				5A63BA5F2F05077B003C6494 /* Exceptions for "Suilog" folder in "Suilog" target */,
			);
			path = Suilog;
			sourceTree = "<group>";
		};
		5A63BA502F05077B003C6494 /* SuilogTests */ = {
			isa = PBXFileSystemSynchronizedRootGroup;
			path = SuilogTests;
			sourceTree = "<group>";
		};
		5A63BA5A2F05077B003C6494 /* SuilogUITests */ = {
			isa = PBXFileSystemSynchronizedRootGroup;
			path = SuilogUITests;
			sourceTree = "<group>";
		};
/* End PBXFileSystemSynchronizedRootGroup section */

/* Begin PBXFrameworksBuildPhase section */
		5A63BA392F050779003C6494 /* Frameworks */ = {
			isa = PBXFrameworksBuildPhase;
			buildActionMask = 2147483647;
			files = (
			);
			runOnlyForDeploymentPostprocessing = 0;
		};
		5A63BA4A2F05077B003C6494 /* Frameworks */ = {
			isa = PBXFrameworksBuildPhase;
			buildActionMask = 2147483647;
			files = (
			);
			runOnlyForDeploymentPostprocessing = 0;
		};
		5A63BA542F05077B003C6494 /* Frameworks */ = {
			isa = PBXFrameworksBuildPhase;
			buildActionMask = 2147483647;
			files = (
			);
			runOnlyForDeploymentPostprocessing = 0;
		};
/* End PBXFrameworksBuildPhase section */

/* Begin PBXGroup section */
		5A63BA332F050779003C6494 = {
			isa = PBXGroup;
			children = (
				5A63BA3E2F050779003C6494 /* Suilog */,
				5A63BA502F05077B003C6494 /* SuilogTests */,
				5A63BA5A2F05077B003C6494 /* SuilogUITests */,
				5A63BA3D2F050779003C6494 /* Products */,
			);
			sourceTree = "<group>";
		};
		5A63BA3D2F050779003C6494 /* Products */ = {
			isa = PBXGroup;
			children = (
				5A63BA3C2F050779003C6494 /* Suilog.app */,
				5A63BA4D2F05077B003C6494 /* SuilogTests.xctest */,
				5A63BA572F05077B003C6494 /* SuilogUITests.xctest */,
			);
			name = Products;
			sourceTree = "<group>";
		};
/* End PBXGroup section */

/* Begin PBXNativeTarget section */
		5A63BA3B2F050779003C6494 /* Suilog */ = {
			isa = PBXNativeTarget;
			buildConfigurationList = 5A63BA602F05077B003C6494 /* Build configuration list for PBXNativeTarget "Suilog" */;
			buildPhases = (
				5A63BA382F050779003C6494 /* Sources */,
				5A63BA392F050779003C6494 /* Frameworks */,
				5A63BA3A2F050779003C6494 /* Resources */,
			);
			buildRules = (
			);
			dependencies = (
			);
			fileSystemSynchronizedGroups = (
				5A63BA3E2F050779003C6494 /* Suilog */,
			);
			name = Suilog;
			packageProductDependencies = (
			);
			productName = Suilog;
			productReference = 5A63BA3C2F050779003C6494 /* Suilog.app */;
			productType = "com.apple.product-type.application";
		};
		5A63BA4C2F05077B003C6494 /* SuilogTests */ = {
			isa = PBXNativeTarget;
			buildConfigurationList = 5A63BA652F05077B003C6494 /* Build configuration list for PBXNativeTarget "SuilogTests" */;
			buildPhases = (
				5A63BA492F05077B003C6494 /* Sources */,
				5A63BA4A2F05077B003C6494 /* Frameworks */,
				5A63BA4B2F05077B003C6494 /* Resources */,
			);
			buildRules = (
			);
			dependencies = (
				5A63BA4F2F05077B003C6494 /* PBXTargetDependency */,
			);
			fileSystemSynchronizedGroups = (
				5A63BA502F05077B003C6494 /* SuilogTests */,
			);
			name = SuilogTests;
			packageProductDependencies = (
			);
			productName = SuilogTests;
			productReference = 5A63BA4D2F05077B003C6494 /* SuilogTests.xctest */;
			productType = "com.apple.product-type.bundle.unit-test";
		};
		5A63BA562F05077B003C6494 /* SuilogUITests */ = {
			isa = PBXNativeTarget;
			buildConfigurationList = 5A63BA682F05077B003C6494 /* Build configuration list for PBXNativeTarget "SuilogUITests" */;
			buildPhases = (
				5A63BA532F05077B003C6494 /* Sources */,
				5A63BA542F05077B003C6494 /* Frameworks */,
				5A63BA552F05077B003C6494 /* Resources */,
			);
			buildRules = (
			);
			dependencies = (
				5A63BA592F05077B003C6494 /* PBXTargetDependency */,
			);
			fileSystemSynchronizedGroups = (
				5A63BA5A2F05077B003C6494 /* SuilogUITests */,
			);
			name = SuilogUITests;
			packageProductDependencies = (
			);
			productName = SuilogUITests;
			productReference = 5A63BA572F05077B003C6494 /* SuilogUITests.xctest */;
			productType = "com.apple.product-type.bundle.ui-testing";
		};
/* End PBXNativeTarget section */

/* Begin PBXProject section */
		5A63BA342F050779003C6494 /* Project object */ = {
			isa = PBXProject;
			attributes = {
				BuildIndependentTargetsInParallel = 1;
				LastSwiftUpdateCheck = 2600;
				LastUpgradeCheck = 2600;
				TargetAttributes = {
					5A63BA3B2F050779003C6494 = {
						CreatedOnToolsVersion = 26.0;
					};
					5A63BA4C2F05077B003C6494 = {
						CreatedOnToolsVersion = 26.0;
						TestTargetID = 5A63BA3B2F050779003C6494;
					};
					5A63BA562F05077B003C6494 = {
						CreatedOnToolsVersion = 26.0;
						TestTargetID = 5A63BA3B2F050779003C6494;
					};
				};
			};
			buildConfigurationList = 5A63BA372F050779003C6494 /* Build configuration list for PBXProject "Suilog" */;
			developmentRegion = ja;
			hasScannedForEncodings = 0;
			knownRegions = (
				ja,
				Base,
			);
			mainGroup = 5A63BA332F050779003C6494;
			minimizedProjectReferenceProxies = 1;
			preferredProjectObjectVersion = 77;
			productRefGroup = 5A63BA3D2F050779003C6494 /* Products */;
			projectDirPath = "";
			projectRoot = "";
			targets = (
				5A63BA3B2F050779003C6494 /* Suilog */,
				5A63BA4C2F05077B003C6494 /* SuilogTests */,
				5A63BA562F05077B003C6494 /* SuilogUITests */,
			);
		};
/* End PBXProject section */

/* Begin PBXResourcesBuildPhase section */
		5A63BA3A2F050779003C6494 /* Resources */ = {
			isa = PBXResourcesBuildPhase;
			buildActionMask = 2147483647;
			files = (
			);
			runOnlyForDeploymentPostprocessing = 0;
		};
		5A63BA4B2F05077B003C6494 /* Resources */ = {
			isa = PBXResourcesBuildPhase;
			buildActionMask = 2147483647;
			files = (
			);
			runOnlyForDeploymentPostprocessing = 0;
		};
		5A63BA552F05077B003C6494 /* Resources */ = {
			isa = PBXResourcesBuildPhase;
			buildActionMask = 2147483647;
			files = (
			);
			runOnlyForDeploymentPostprocessing = 0;
		};
/* End PBXResourcesBuildPhase section */

/* Begin PBXSourcesBuildPhase section */
		5A63BA382F050779003C6494 /* Sources */ = {
			isa = PBXSourcesBuildPhase;
			buildActionMask = 2147483647;
			files = (
			);
			runOnlyForDeploymentPostprocessing = 0;
		};
		5A63BA492F05077B003C6494 /* Sources */ = {
			isa = PBXSourcesBuildPhase;
			buildActionMask = 2147483647;
			files = (
			);
			runOnlyForDeploymentPostprocessing = 0;
		};
		5A63BA532F05077B003C6494 /* Sources */ = {
			isa = PBXSourcesBuildPhase;
			buildActionMask = 2147483647;
			files = (
			);
			runOnlyForDeploymentPostprocessing = 0;
		};
/* End PBXSourcesBuildPhase section */

/* Begin PBXTargetDependency section */
		5A63BA4F2F05077B003C6494 /* PBXTargetDependency */ = {
			isa = PBXTargetDependency;
			target = 5A63BA3B2F050779003C6494 /* Suilog */;
			targetProxy = 5A63BA4E2F05077B003C6494 /* PBXContainerItemProxy */;
		};
		5A63BA592F05077B003C6494 /* PBXTargetDependency */ = {
			isa = PBXTargetDependency;
			target = 5A63BA3B2F050779003C6494 /* Suilog */;
			targetProxy = 5A63BA582F05077B003C6494 /* PBXContainerItemProxy */;
		};
/* End PBXTargetDependency section */

/* Begin XCBuildConfiguration section */
		5A63BA612F05077B003C6494 /* Debug */ = {
			isa = XCBuildConfiguration;
			buildSettings = {
				ASSETCATALOG_COMPILER_APPICON_NAME = AppIcon;
				ASSETCATALOG_COMPILER_GLOBAL_ACCENT_COLOR_NAME = AccentColor;
				CODE_SIGN_ENTITLEMENTS = Suilog/Suilog.entitlements;
				CODE_SIGN_STYLE = Automatic;
				CURRENT_PROJECT_VERSION = 3;
				DEVELOPMENT_TEAM = 6549AY6J4G;
				ENABLE_PREVIEWS = YES;
				GENERATE_INFOPLIST_FILE = YES;
				INFOPLIST_FILE = Suilog/Info.plist;
				INFOPLIST_KEY_UIApplicationSceneManifest_Generation = YES;
				INFOPLIST_KEY_UIApplicationSupportsIndirectInputEvents = YES;
				INFOPLIST_KEY_UILaunchScreen_Generation = YES;
				INFOPLIST_KEY_UISupportedInterfaceOrientations_iPad = UIInterfaceOrientationPortrait;
				INFOPLIST_KEY_UISupportedInterfaceOrientations_iPhone = UIInterfaceOrientationPortrait;
				LD_RUNPATH_SEARCH_PATHS = (
					"$(inherited)",
					"@executable_path/Frameworks",
				);
				MARKETING_VERSION = 1.2;
				PRODUCT_BUNDLE_IDENTIFIER = jp.dancho.Suilog;
				PRODUCT_NAME = "$(TARGET_NAME)";
				STRING_CATALOG_GENERATE_SYMBOLS = YES;
				SWIFT_APPROACHABLE_CONCURRENCY = YES;
				SWIFT_DEFAULT_ACTOR_ISOLATION = MainActor;
				SWIFT_EMIT_LOC_STRINGS = YES;
				SWIFT_UPCOMING_FEATURE_MEMBER_IMPORT_VISIBILITY = YES;
				SWIFT_VERSION = 5.0;
				TARGETED_DEVICE_FAMILY = "1,2";
			};
			name = Debug;
		};
		5A63BA622F05077B003C6494 /* Release */ = {
			isa = XCBuildConfiguration;
			buildSettings = {
				ASSETCATALOG_COMPILER_APPICON_NAME = AppIcon;
				ASSETCATALOG_COMPILER_GLOBAL_ACCENT_COLOR_NAME = AccentColor;
				CODE_SIGN_ENTITLEMENTS = Suilog/Suilog.entitlements;
				CODE_SIGN_STYLE = Automatic;
				CURRENT_PROJECT_VERSION = 3;
				DEVELOPMENT_TEAM = 6549AY6J4G;
				ENABLE_PREVIEWS = YES;
				GENERATE_INFOPLIST_FILE = YES;
				INFOPLIST_FILE = Suilog/Info.plist;
				INFOPLIST_KEY_UIApplicationSceneManifest_Generation = YES;
				INFOPLIST_KEY_UIApplicationSupportsIndirectInputEvents = YES;
				INFOPLIST_KEY_UILaunchScreen_Generation = YES;
				INFOPLIST_KEY_UISupportedInterfaceOrientations_iPad = UIInterfaceOrientationPortrait;
				INFOPLIST_KEY_UISupportedInterfaceOrientations_iPhone = UIInterfaceOrientationPortrait;
				LD_RUNPATH_SEARCH_PATHS = (
					"$(inherited)",
					"@executable_path/Frameworks",
				);
				MARKETING_VERSION = 1.2;
				PRODUCT_BUNDLE_IDENTIFIER = jp.dancho.Suilog;
				PRODUCT_NAME = "$(TARGET_NAME)";
				STRING_CATALOG_GENERATE_SYMBOLS = YES;
				SWIFT_APPROACHABLE_CONCURRENCY = YES;
				SWIFT_DEFAULT_ACTOR_ISOLATION = MainActor;
				SWIFT_EMIT_LOC_STRINGS = YES;
				SWIFT_UPCOMING_FEATURE_MEMBER_IMPORT_VISIBILITY = YES;
				SWIFT_VERSION = 5.0;
				TARGETED_DEVICE_FAMILY = "1,2";
			};
			name = Release;
		};
		5A63BA632F05077B003C6494 /* Debug */ = {
			isa = XCBuildConfiguration;
			buildSettings = {
				ALWAYS_SEARCH_USER_PATHS = NO;
				ASSETCATALOG_COMPILER_GENERATE_SWIFT_ASSET_SYMBOL_EXTENSIONS = YES;
				CLANG_ANALYZER_NONNULL = YES;
				CLANG_ANALYZER_NUMBER_OBJECT_CONVERSION = YES_AGGRESSIVE;
				CLANG_CXX_LANGUAGE_STANDARD = "gnu++20";
				CLANG_ENABLE_MODULES = YES;
				CLANG_ENABLE_OBJC_ARC = YES;
				CLANG_ENABLE_OBJC_WEAK = YES;
				CLANG_WARN_BLOCK_CAPTURE_AUTORELEASING = YES;
				CLANG_WARN_BOOL_CONVERSION = YES;
				CLANG_WARN_COMMA = YES;
				CLANG_WARN_CONSTANT_CONVERSION = YES;
				CLANG_WARN_DEPRECATED_OBJC_IMPLEMENTATIONS = YES;
				CLANG_WARN_DIRECT_OBJC_ISA_USAGE = YES_ERROR;
				CLANG_WARN_DOCUMENTATION_COMMENTS = YES;
				CLANG_WARN_EMPTY_BODY = YES;
				CLANG_WARN_ENUM_CONVERSION = YES;
				CLANG_WARN_INFINITE_RECURSION = YES;
				CLANG_WARN_INT_CONVERSION = YES;
				CLANG_WARN_NON_LITERAL_NULL_CONVERSION = YES;
				CLANG_WARN_OBJC_IMPLICIT_RETAIN_SELF = YES;
				CLANG_WARN_OBJC_LITERAL_CONVERSION = YES;
				CLANG_WARN_OBJC_ROOT_CLASS = YES_ERROR;
				CLANG_WARN_QUOTED_INCLUDE_IN_FRAMEWORK_HEADER = YES;
				CLANG_WARN_RANGE_LOOP_ANALYSIS = YES;
				CLANG_WARN_STRICT_PROTOTYPES = YES;
				CLANG_WARN_SUSPICIOUS_MOVE = YES;
				CLANG_WARN_UNGUARDED_AVAILABILITY = YES_AGGRESSIVE;
				CLANG_WARN_UNREACHABLE_CODE = YES;
				CLANG_WARN__DUPLICATE_METHOD_MATCH = YES;
				COPY_PHASE_STRIP = NO;
				DEBUG_INFORMATION_FORMAT = dwarf;
				DEVELOPMENT_TEAM = 6549AY6J4G;
				ENABLE_STRICT_OBJC_MSGSEND = YES;
				ENABLE_TESTABILITY = YES;
				ENABLE_USER_SCRIPT_SANDBOXING = YES;
				GCC_C_LANGUAGE_STANDARD = gnu17;
				GCC_DYNAMIC_NO_PIC = NO;
				GCC_NO_COMMON_BLOCKS = YES;
				GCC_OPTIMIZATION_LEVEL = 0;
				GCC_PREPROCESSOR_DEFINITIONS = (
					"DEBUG=1",
					"$(inherited)",
				);
				GCC_WARN_64_TO_32_BIT_CONVERSION = YES;
				GCC_WARN_ABOUT_RETURN_TYPE = YES_ERROR;
				GCC_WARN_UNDECLARED_SELECTOR = YES;
				GCC_WARN_UNINITIALIZED_AUTOS = YES_AGGRESSIVE;
				GCC_WARN_UNUSED_FUNCTION = YES;
				GCC_WARN_UNUSED_VARIABLE = YES;
				IPHONEOS_DEPLOYMENT_TARGET = 26.0;
				LOCALIZATION_PREFERS_STRING_CATALOGS = YES;
				MTL_ENABLE_DEBUG_INFO = INCLUDE_SOURCE;
				MTL_FAST_MATH = YES;
				ONLY_ACTIVE_ARCH = YES;
				SDKROOT = iphoneos;
				SWIFT_ACTIVE_COMPILATION_CONDITIONS = "DEBUG $(inherited)";
				SWIFT_OPTIMIZATION_LEVEL = "-Onone";
			};
			name = Debug;
		};
		5A63BA642F05077B003C6494 /* Release */ = {
			isa = XCBuildConfiguration;
			buildSettings = {
				ALWAYS_SEARCH_USER_PATHS = NO;
				ASSETCATALOG_COMPILER_GENERATE_SWIFT_ASSET_SYMBOL_EXTENSIONS = YES;
				CLANG_ANALYZER_NONNULL = YES;
				CLANG_ANALYZER_NUMBER_OBJECT_CONVERSION = YES_AGGRESSIVE;
				CLANG_CXX_LANGUAGE_STANDARD = "gnu++20";
				CLANG_ENABLE_MODULES = YES;
				CLANG_ENABLE_OBJC_ARC = YES;
				CLANG_ENABLE_OBJC_WEAK = YES;
				CLANG_WARN_BLOCK_CAPTURE_AUTORELEASING = YES;
				CLANG_WARN_BOOL_CONVERSION = YES;
				CLANG_WARN_COMMA = YES;
				CLANG_WARN_CONSTANT_CONVERSION = YES;
				CLANG_WARN_DEPRECATED_OBJC_IMPLEMENTATIONS = YES;
				CLANG_WARN_DIRECT_OBJC_ISA_USAGE = YES_ERROR;
				CLANG_WARN_DOCUMENTATION_COMMENTS = YES;
				CLANG_WARN_EMPTY_BODY = YES;
				CLANG_WARN_ENUM_CONVERSION = YES;
				CLANG_WARN_INFINITE_RECURSION = YES;
				CLANG_WARN_INT_CONVERSION = YES;
				CLANG_WARN_NON_LITERAL_NULL_CONVERSION = YES;
				CLANG_WARN_OBJC_IMPLICIT_RETAIN_SELF = YES;
				CLANG_WARN_OBJC_LITERAL_CONVERSION = YES;
				CLANG_WARN_OBJC_ROOT_CLASS = YES_ERROR;
				CLANG_WARN_QUOTED_INCLUDE_IN_FRAMEWORK_HEADER = YES;
				CLANG_WARN_RANGE_LOOP_ANALYSIS = YES;
				CLANG_WARN_STRICT_PROTOTYPES = YES;
				CLANG_WARN_SUSPICIOUS_MOVE = YES;
				CLANG_WARN_UNGUARDED_AVAILABILITY = YES_AGGRESSIVE;
				CLANG_WARN_UNREACHABLE_CODE = YES;
				CLANG_WARN__DUPLICATE_METHOD_MATCH = YES;
				COPY_PHASE_STRIP = NO;
				DEBUG_INFORMATION_FORMAT = "dwarf-with-dsym";
				DEVELOPMENT_TEAM = 6549AY6J4G;
				ENABLE_NS_ASSERTIONS = NO;
				ENABLE_STRICT_OBJC_MSGSEND = YES;
				ENABLE_USER_SCRIPT_SANDBOXING = YES;
				GCC_C_LANGUAGE_STANDARD = gnu17;
				GCC_NO_COMMON_BLOCKS = YES;
				GCC_WARN_64_TO_32_BIT_CONVERSION = YES;
				GCC_WARN_ABOUT_RETURN_TYPE = YES_ERROR;
				GCC_WARN_UNDECLARED_SELECTOR = YES;
				GCC_WARN_UNINITIALIZED_AUTOS = YES_AGGRESSIVE;
				GCC_WARN_UNUSED_FUNCTION = YES;
				GCC_WARN_UNUSED_VARIABLE = YES;
				IPHONEOS_DEPLOYMENT_TARGET = 26.0;
				LOCALIZATION_PREFERS_STRING_CATALOGS = YES;
				MTL_ENABLE_DEBUG_INFO = NO;
				MTL_FAST_MATH = YES;
				SDKROOT = iphoneos;
				SWIFT_COMPILATION_MODE = wholemodule;
				VALIDATE_PRODUCT = YES;
			};
			name = Release;
		};
		5A63BA662F05077B003C6494 /* Debug */ = {
			isa = XCBuildConfiguration;
			buildSettings = {
				BUNDLE_LOADER = "$(TEST_HOST)";
				CODE_SIGN_STYLE = Automatic;
				CURRENT_PROJECT_VERSION = 3;
				DEVELOPMENT_TEAM = 6549AY6J4G;
				GENERATE_INFOPLIST_FILE = YES;
				IPHONEOS_DEPLOYMENT_TARGET = 26.0;
				MARKETING_VERSION = 1.2;
				PRODUCT_BUNDLE_IDENTIFIER = jp.dancho.SuilogTests;
				PRODUCT_NAME = "$(TARGET_NAME)";
				STRING_CATALOG_GENERATE_SYMBOLS = NO;
				SWIFT_APPROACHABLE_CONCURRENCY = YES;
				SWIFT_EMIT_LOC_STRINGS = NO;
				SWIFT_UPCOMING_FEATURE_MEMBER_IMPORT_VISIBILITY = YES;
				SWIFT_VERSION = 5.0;
				TARGETED_DEVICE_FAMILY = "1,2";
				TEST_HOST = "$(BUILT_PRODUCTS_DIR)/Suilog.app/$(BUNDLE_EXECUTABLE_FOLDER_PATH)/Suilog";
			};
			name = Debug;
		};
		5A63BA672F05077B003C6494 /* Release */ = {
			isa = XCBuildConfiguration;
			buildSettings = {
				BUNDLE_LOADER = "$(TEST_HOST)";
				CODE_SIGN_STYLE = Automatic;
				CURRENT_PROJECT_VERSION = 3;
				DEVELOPMENT_TEAM = 6549AY6J4G;
				GENERATE_INFOPLIST_FILE = YES;
				IPHONEOS_DEPLOYMENT_TARGET = 26.0;
				MARKETING_VERSION = 1.2;
				PRODUCT_BUNDLE_IDENTIFIER = jp.dancho.SuilogTests;
				PRODUCT_NAME = "$(TARGET_NAME)";
				STRING_CATALOG_GENERATE_SYMBOLS = NO;
				SWIFT_APPROACHABLE_CONCURRENCY = YES;
				SWIFT_EMIT_LOC_STRINGS = NO;
				SWIFT_UPCOMING_FEATURE_MEMBER_IMPORT_VISIBILITY = YES;
				SWIFT_VERSION = 5.0;
				TARGETED_DEVICE_FAMILY = "1,2";
				TEST_HOST = "$(BUILT_PRODUCTS_DIR)/Suilog.app/$(BUNDLE_EXECUTABLE_FOLDER_PATH)/Suilog";
			};
			name = Release;
		};
		5A63BA692F05077B003C6494 /* Debug */ = {
			isa = XCBuildConfiguration;
			buildSettings = {
				CODE_SIGN_STYLE = Automatic;
				CURRENT_PROJECT_VERSION = 3;
				DEVELOPMENT_TEAM = 6549AY6J4G;
				GENERATE_INFOPLIST_FILE = YES;
				MARKETING_VERSION = 1.2;
				PRODUCT_BUNDLE_IDENTIFIER = jp.dancho.SuilogUITests;
				PRODUCT_NAME = "$(TARGET_NAME)";
				STRING_CATALOG_GENERATE_SYMBOLS = NO;
				SWIFT_APPROACHABLE_CONCURRENCY = YES;
				SWIFT_EMIT_LOC_STRINGS = NO;
				SWIFT_UPCOMING_FEATURE_MEMBER_IMPORT_VISIBILITY = YES;
				SWIFT_VERSION = 5.0;
				TARGETED_DEVICE_FAMILY = "1,2";
				TEST_TARGET_NAME = Suilog;
			};
			name = Debug;
		};
		5A63BA6A2F05077B003C6494 /* Release */ = {
			isa = XCBuildConfiguration;
			buildSettings = {
				CODE_SIGN_STYLE = Automatic;
				CURRENT_PROJECT_VERSION = 3;
				DEVELOPMENT_TEAM = 6549AY6J4G;
				GENERATE_INFOPLIST_FILE = YES;
				MARKETING_VERSION = 1.2;
				PRODUCT_BUNDLE_IDENTIFIER = jp.dancho.SuilogUITests;
				PRODUCT_NAME = "$(TARGET_NAME)";
				STRING_CATALOG_GENERATE_SYMBOLS = NO;
				SWIFT_APPROACHABLE_CONCURRENCY = YES;
				SWIFT_EMIT_LOC_STRINGS = NO;
				SWIFT_UPCOMING_FEATURE_MEMBER_IMPORT_VISIBILITY = YES;
				SWIFT_VERSION = 5.0;
				TARGETED_DEVICE_FAMILY = "1,2";
				TEST_TARGET_NAME = Suilog;
			};
			name = Release;
		};
/* End XCBuildConfiguration section */

/* Begin XCConfigurationList section */
		5A63BA372F050779003C6494 /* Build configuration list for PBXProject "Suilog" */ = {
			isa = XCConfigurationList;
			buildConfigurations = (
				5A63BA632F05077B003C6494 /* Debug */,
				5A63BA642F05077B003C6494 /* Release */,
			);
			defaultConfigurationIsVisible = 0;
			defaultConfigurationName = Release;
		};
		5A63BA602F05077B003C6494 /* Build configuration list for PBXNativeTarget "Suilog" */ = {
			isa = XCConfigurationList;
			buildConfigurations = (
				5A63BA612F05077B003C6494 /* Debug */,
				5A63BA622F05077B003C6494 /* Release */,
			);
			defaultConfigurationIsVisible = 0;
			defaultConfigurationName = Release;
		};
		5A63BA652F05077B003C6494 /* Build configuration list for PBXNativeTarget "SuilogTests" */ = {
			isa = XCConfigurationList;
			buildConfigurations = (
				5A63BA662F05077B003C6494 /* Debug */,
				5A63BA672F05077B003C6494 /* Release */,
			);
			defaultConfigurationIsVisible = 0;
			defaultConfigurationName = Release;
		};
		5A63BA682F05077B003C6494 /* Build configuration list for PBXNativeTarget "SuilogUITests" */ = {
			isa = XCConfigurationList;
			buildConfigurations = (
				5A63BA692F05077B003C6494 /* Debug */,
				5A63BA6A2F05077B003C6494 /* Release */,
			);
			defaultConfigurationIsVisible = 0;
			defaultConfigurationName = Release;
		};
/* End XCConfigurationList section */
	};
	rootObject = 5A63BA342F050779003C6494 /* Project object */;
}
